
Microsoft Visual Studio Solution File, Format Version 12.00
# Visual Studio 14
VisualStudioVersion = 14.0.23107.0
MinimumVisualStudioVersion = 10.0.40219.1
Project("{2150E333-8FDC-42A3-9474-1A3956D46DE8}") = "TheNoButton", "TheNoButton", "{73EFEF45-1A5B-4F37-AE11-EC6FFE15EC11}"
EndProject
Project("{D954291E-2A0B-460D-934E-DC6B0785DB48}") = "TheNoButton.Shared", "TheNoButton\TheNoButton.Shared\TheNoButton.Shared.shproj", "{A45FCFAA-C018-4441-A25E-137B5DEC7C1D}"
EndProject
Project("{FAE04EC0-301F-11D3-BF4B-00C04F79EFBC}") = "TheNoButton.Windows", "TheNoButton\TheNoButton.Windows\TheNoButton.Windows.csproj", "{0043AE86-520A-4D67-AA2F-E273B9B9E8DE}"
EndProject
Project("{FAE04EC0-301F-11D3-BF4B-00C04F79EFBC}") = "TheNoButton.WindowsPhone", "TheNoButton\TheNoButton.WindowsPhone\TheNoButton.WindowsPhone.csproj", "{6C562E2B-89EC-4879-9200-CB4A0D75AE4B}"
EndProject
Global
	GlobalSection(SharedMSBuildProjectFiles) = preSolution
		TheNoButton\TheNoButton.Shared\TheNoButton.Shared.projitems*{0043ae86-520a-4d67-aa2f-e273b9b9e8de}*SharedItemsImports = 4
		TheNoButton\TheNoButton.Shared\TheNoButton.Shared.projitems*{6c562e2b-89ec-4879-9200-cb4a0d75ae4b}*SharedItemsImports = 4
		TheNoButton\TheNoButton.Shared\TheNoButton.Shared.projitems*{a45fcfaa-c018-4441-a25e-137b5dec7c1d}*SharedItemsImports = 13
	EndGlobalSection
	GlobalSection(SolutionConfigurationPlatforms) = preSolution
		Debug|Any CPU = Debug|Any CPU
		Debug|ARM = Debug|ARM
		Debug|x64 = Debug|x64
		Debug|x86 = Debug|x86
		Release|Any CPU = Release|Any CPU
		Release|ARM = Release|ARM
		Release|x64 = Release|x64
		Release|x86 = Release|x86
	EndGlobalSection
	GlobalSection(ProjectConfigurationPlatforms) = postSolution
		{0043AE86-520A-4D67-AA2F-E273B9B9E8DE}.Debug|Any CPU.ActiveCfg = Debug|Any CPU
		{0043AE86-520A-4D67-AA2F-E273B9B9E8DE}.Debug|Any CPU.Build.0 = Debug|Any CPU
		{0043AE86-520A-4D67-AA2F-E273B9B9E8DE}.Debug|Any CPU.Deploy.0 = Debug|Any CPU
		{0043AE86-520A-4D67-AA2F-E273B9B9E8DE}.Debug|ARM.ActiveCfg = Debug|ARM
		{0043AE86-520A-4D67-AA2F-E273B9B9E8DE}.Debug|ARM.Build.0 = Debug|ARM
		{0043AE86-520A-4D67-AA2F-E273B9B9E8DE}.Debug|ARM.Deploy.0 = Debug|ARM
		{0043AE86-520A-4D67-AA2F-E273B9B9E8DE}.Debug|x64.ActiveCfg = Debug|x64
		{0043AE86-520A-4D67-AA2F-E273B9B9E8DE}.Debug|x64.Build.0 = Debug|x64
		{0043AE86-520A-4D67-AA2F-E273B9B9E8DE}.Debug|x64.Deploy.0 = Debug|x64
		{0043AE86-520A-4D67-AA2F-E273B9B9E8DE}.Debug|x86.ActiveCfg = Debug|x86
		{0043AE86-520A-4D67-AA2F-E273B9B9E8DE}.Debug|x86.Build.0 = Debug|x86
		{0043AE86-520A-4D67-AA2F-E273B9B9E8DE}.Debug|x86.Deploy.0 = Debug|x86
		{0043AE86-520A-4D67-AA2F-E273B9B9E8DE}.Release|Any CPU.ActiveCfg = Release|Any CPU
		{0043AE86-520A-4D67-AA2F-E273B9B9E8DE}.Release|Any CPU.Build.0 = Release|Any CPU
		{0043AE86-520A-4D67-AA2F-E273B9B9E8DE}.Release|Any CPU.Deploy.0 = Release|Any CPU
		{0043AE86-520A-4D67-AA2F-E273B9B9E8DE}.Release|ARM.ActiveCfg = Release|ARM
		{0043AE86-520A-4D67-AA2F-E273B9B9E8DE}.Release|ARM.Build.0 = Release|ARM
		{0043AE86-520A-4D67-AA2F-E273B9B9E8DE}.Release|ARM.Deploy.0 = Release|ARM
		{0043AE86-520A-4D67-AA2F-E273B9B9E8DE}.Release|x64.ActiveCfg = Release|x64
		{0043AE86-520A-4D67-AA2F-E273B9B9E8DE}.Release|x64.Build.0 = Release|x64
		{0043AE86-520A-4D67-AA2F-E273B9B9E8DE}.Release|x64.Deploy.0 = Release|x64
		{0043AE86-520A-4D67-AA2F-E273B9B9E8DE}.Release|x86.ActiveCfg = Release|x86
		{0043AE86-520A-4D67-AA2F-E273B9B9E8DE}.Release|x86.Build.0 = Release|x86
		{0043AE86-520A-4D67-AA2F-E273B9B9E8DE}.Release|x86.Deploy.0 = Release|x86
		{6C562E2B-89EC-4879-9200-CB4A0D75AE4B}.Debug|Any CPU.ActiveCfg = Debug|Any CPU
		{6C562E2B-89EC-4879-9200-CB4A0D75AE4B}.Debug|Any CPU.Build.0 = Debug|Any CPU
		{6C562E2B-89EC-4879-9200-CB4A0D75AE4B}.Debug|Any CPU.Deploy.0 = Debug|Any CPU
		{6C562E2B-89EC-4879-9200-CB4A0D75AE4B}.Debug|ARM.ActiveCfg = Debug|ARM
		{6C562E2B-89EC-4879-9200-CB4A0D75AE4B}.Debug|ARM.Build.0 = Debug|ARM
		{6C562E2B-89EC-4879-9200-CB4A0D75AE4B}.Debug|ARM.Deploy.0 = Debug|ARM
		{6C562E2B-89EC-4879-9200-CB4A0D75AE4B}.Debug|x64.ActiveCfg = Debug|Any CPU
		{6C562E2B-89EC-4879-9200-CB4A0D75AE4B}.Debug|x64.Build.0 = Debug|Any CPU
		{6C562E2B-89EC-4879-9200-CB4A0D75AE4B}.Debug|x64.Deploy.0 = Debug|Any CPU
		{6C562E2B-89EC-4879-9200-CB4A0D75AE4B}.Debug|x86.ActiveCfg = Debug|x86
		{6C562E2B-89EC-4879-9200-CB4A0D75AE4B}.Debug|x86.Build.0 = Debug|x86
		{6C562E2B-89EC-4879-9200-CB4A0D75AE4B}.Debug|x86.Deploy.0 = Debug|x86
		{6C562E2B-89EC-4879-9200-CB4A0D75AE4B}.Release|Any CPU.ActiveCfg = Release|Any CPU
		{6C562E2B-89EC-4879-9200-CB4A0D75AE4B}.Release|Any CPU.Build.0 = Release|Any CPU
		{6C562E2B-89EC-4879-9200-CB4A0D75AE4B}.Release|Any CPU.Deploy.0 = Release|Any CPU
		{6C562E2B-89EC-4879-9200-CB4A0D75AE4B}.Release|ARM.ActiveCfg = Release|ARM
		{6C562E2B-89EC-4879-9200-CB4A0D75AE4B}.Release|ARM.Build.0 = Release|ARM
		{6C562E2B-89EC-4879-9200-CB4A0D75AE4B}.Release|ARM.Deploy.0 = Release|ARM
		{6C562E2B-89EC-4879-9200-CB4A0D75AE4B}.Release|x64.ActiveCfg = Release|Any CPU
		{6C562E2B-89EC-4879-9200-CB4A0D75AE4B}.Release|x64.Build.0 = Release|Any CPU
		{6C562E2B-89EC-4879-9200-CB4A0D75AE4B}.Release|x64.Deploy.0 = Release|Any CPU
		{6C562E2B-89EC-4879-9200-CB4A0D75AE4B}.Release|x86.ActiveCfg = Release|x86
		{6C562E2B-89EC-4879-9200-CB4A0D75AE4B}.Release|x86.Build.0 = Release|x86
		{6C562E2B-89EC-4879-9200-CB4A0D75AE4B}.Release|x86.Deploy.0 = Release|x86
	EndGlobalSection
	GlobalSection(SolutionProperties) = preSolution
		HideSolutionNode = FALSE
	EndGlobalSection
	GlobalSection(NestedProjects) = preSolution
		{A45FCFAA-C018-4441-A25E-137B5DEC7C1D} = {73EFEF45-1A5B-4F37-AE11-EC6FFE15EC11}
		{0043AE86-520A-4D67-AA2F-E273B9B9E8DE} = {73EFEF45-1A5B-4F37-AE11-EC6FFE15EC11}
		{6C562E2B-89EC-4879-9200-CB4A0D75AE4B} = {73EFEF45-1A5B-4F37-AE11-EC6FFE15EC11}
	EndGlobalSection
EndGlobal
